
Microsoft Visual Studio Solution File, Format Version 12.00
# Visual Studio Version 16
VisualStudioVersion = 16.0.29926.136
MinimumVisualStudioVersion = 10.0.40219.1
Project("{2150E333-8FDC-42A3-9474-1A3956D46DE8}") = "Src", "Src", "{3D92B450-C9A7-4FED-AB0E-F3FF26F3A7A8}"
EndProject
Project("{2150E333-8FDC-42A3-9474-1A3956D46DE8}") = "Docs", "Docs", "{F90A428E-FB38-496C-B69B-B091FC9A29AA}"
EndProject
Project("{2150E333-8FDC-42A3-9474-1A3956D46DE8}") = "Tests", "Tests", "{97D3F960-56D2-4314-8A52-B2FCF4579AFB}"
EndProject
Project("{2150E333-8FDC-42A3-9474-1A3956D46DE8}") = "Migrations", "Migrations", "{E178BD9D-00D0-45D0-AF2F-9CE535D8AD29}"
EndProject
Project("{9A19103F-16F7-4668-BE54-9A1E7A4F7556}") = "Canary.DbMigration", "Migrations\Canary.DbMigration\Canary.DbMigration.csproj", "{58E33E90-2D56-4B78-BC8A-5A9ECC950D28}"
EndProject
Project("{9A19103F-16F7-4668-BE54-9A1E7A4F7556}") = "Canary.Domain", "Src\Canary.Domain\Canary.Domain.csproj", "{D1B5C6AF-5E62-4949-983A-EF98469E8849}"
EndProject
Project("{9A19103F-16F7-4668-BE54-9A1E7A4F7556}") = "Canary.Application", "Src\Canary.Application\Canary.Application.csproj", "{74C70120-046D-4E66-8DC8-C730DF39AC9E}"
EndProject
Project("{9A19103F-16F7-4668-BE54-9A1E7A4F7556}") = "Canary.UI.Client", "Src\Canary.UI.Client\Canary.UI.Client.csproj", "{6D49F109-1B5F-4CD6-BB55-1DF84FD13AB1}"
EndProject
Project("{9A19103F-16F7-4668-BE54-9A1E7A4F7556}") = "Canary.Infrastructure", "Src\Canary.Infrastructure\Canary.Infrastructure.csproj", "{81933EB1-8FF4-42D4-8642-8108F4D912BE}"
EndProject
Project("{9A19103F-16F7-4668-BE54-9A1E7A4F7556}") = "Canary.UnitTesting", "Tests\Canary.UnitTesting\Canary.UnitTesting.csproj", "{205C2A67-4331-48E1-A138-859AA0A51F18}"
EndProject
Global
	GlobalSection(SolutionConfigurationPlatforms) = preSolution
		Debug|Any CPU = Debug|Any CPU
		Release|Any CPU = Release|Any CPU
	EndGlobalSection
	GlobalSection(ProjectConfigurationPlatforms) = postSolution
		{58E33E90-2D56-4B78-BC8A-5A9ECC950D28}.Debug|Any CPU.ActiveCfg = Debug|Any CPU
		{58E33E90-2D56-4B78-BC8A-5A9ECC950D28}.Debug|Any CPU.Build.0 = Debug|Any CPU
		{58E33E90-2D56-4B78-BC8A-5A9ECC950D28}.Release|Any CPU.ActiveCfg = Release|Any CPU
		{58E33E90-2D56-4B78-BC8A-5A9ECC950D28}.Release|Any CPU.Build.0 = Release|Any CPU
		{D1B5C6AF-5E62-4949-983A-EF98469E8849}.Debug|Any CPU.ActiveCfg = Debug|Any CPU
		{D1B5C6AF-5E62-4949-983A-EF98469E8849}.Debug|Any CPU.Build.0 = Debug|Any CPU
		{D1B5C6AF-5E62-4949-983A-EF98469E8849}.Release|Any CPU.ActiveCfg = Release|Any CPU
		{D1B5C6AF-5E62-4949-983A-EF98469E8849}.Release|Any CPU.Build.0 = Release|Any CPU
		{74C70120-046D-4E66-8DC8-C730DF39AC9E}.Debug|Any CPU.ActiveCfg = Debug|Any CPU
		{74C70120-046D-4E66-8DC8-C730DF39AC9E}.Debug|Any CPU.Build.0 = Debug|Any CPU
		{74C70120-046D-4E66-8DC8-C730DF39AC9E}.Release|Any CPU.ActiveCfg = Release|Any CPU
		{74C70120-046D-4E66-8DC8-C730DF39AC9E}.Release|Any CPU.Build.0 = Release|Any CPU
		{6D49F109-1B5F-4CD6-BB55-1DF84FD13AB1}.Debug|Any CPU.ActiveCfg = Debug|Any CPU
		{6D49F109-1B5F-4CD6-BB55-1DF84FD13AB1}.Debug|Any CPU.Build.0 = Debug|Any CPU
		{6D49F109-1B5F-4CD6-BB55-1DF84FD13AB1}.Release|Any CPU.ActiveCfg = Release|Any CPU
		{6D49F109-1B5F-4CD6-BB55-1DF84FD13AB1}.Release|Any CPU.Build.0 = Release|Any CPU
		{81933EB1-8FF4-42D4-8642-8108F4D912BE}.Debug|Any CPU.ActiveCfg = Debug|Any CPU
		{81933EB1-8FF4-42D4-8642-8108F4D912BE}.Debug|Any CPU.Build.0 = Debug|Any CPU
		{81933EB1-8FF4-42D4-8642-8108F4D912BE}.Release|Any CPU.ActiveCfg = Release|Any CPU
		{81933EB1-8FF4-42D4-8642-8108F4D912BE}.Release|Any CPU.Build.0 = Release|Any CPU
		{205C2A67-4331-48E1-A138-859AA0A51F18}.Debug|Any CPU.ActiveCfg = Debug|Any CPU
		{205C2A67-4331-48E1-A138-859AA0A51F18}.Debug|Any CPU.Build.0 = Debug|Any CPU
		{205C2A67-4331-48E1-A138-859AA0A51F18}.Release|Any CPU.ActiveCfg = Release|Any CPU
		{205C2A67-4331-48E1-A138-859AA0A51F18}.Release|Any CPU.Build.0 = Release|Any CPU
	EndGlobalSection
	GlobalSection(SolutionProperties) = preSolution
		HideSolutionNode = FALSE
	EndGlobalSection
	GlobalSection(NestedProjects) = preSolution
		{58E33E90-2D56-4B78-BC8A-5A9ECC950D28} = {E178BD9D-00D0-45D0-AF2F-9CE535D8AD29}
		{D1B5C6AF-5E62-4949-983A-EF98469E8849} = {3D92B450-C9A7-4FED-AB0E-F3FF26F3A7A8}
		{74C70120-046D-4E66-8DC8-C730DF39AC9E} = {3D92B450-C9A7-4FED-AB0E-F3FF26F3A7A8}
		{6D49F109-1B5F-4CD6-BB55-1DF84FD13AB1} = {3D92B450-C9A7-4FED-AB0E-F3FF26F3A7A8}
		{81933EB1-8FF4-42D4-8642-8108F4D912BE} = {3D92B450-C9A7-4FED-AB0E-F3FF26F3A7A8}
		{205C2A67-4331-48E1-A138-859AA0A51F18} = {97D3F960-56D2-4314-8A52-B2FCF4579AFB}
	EndGlobalSection
	GlobalSection(ExtensibilityGlobals) = postSolution
		SolutionGuid = {DDC654DE-1D98-4AE1-8D77-D003E0A5021B}
	EndGlobalSection
EndGlobal
